// !$*UTF8*$!
{
	archiveVersion = 1;
	classes = {
	};
	objectVersion = 48;
	objects = {

/* Begin PBXBuildFile section */
		286DB1E803F84CC65F677FE3 /* Pods_ReactNativeBridgeDemoTests.framework in Frameworks */ = {isa = PBXBuildFile; fileRef = EC0D57FAC1AEA86D3659106D /* Pods_ReactNativeBridgeDemoTests.framework */; };
		626FB56EF428AA4E7DF88A28 /* Pods_ReactNativeBridgeDemo.framework in Frameworks */ = {isa = PBXBuildFile; fileRef = 51D56A0E078837D2BC7CFCA8 /* Pods_ReactNativeBridgeDemo.framework */; };
		9D2B9A1BBE87EB9AAD601315 /* Pods_ReactNativeBridgeDemoUITests.framework in Frameworks */ = {isa = PBXBuildFile; fileRef = 376E07C9CDEA6BDDBF7A3C4F /* Pods_ReactNativeBridgeDemoUITests.framework */; };
		C3477F662035634100AD6A71 /* AppDelegate.swift in Sources */ = {isa = PBXBuildFile; fileRef = C3477F652035634100AD6A71 /* AppDelegate.swift */; };
		C3477F682035634100AD6A71 /* ViewController.swift in Sources */ = {isa = PBXBuildFile; fileRef = C3477F672035634100AD6A71 /* ViewController.swift */; };
		C3477F6B2035634100AD6A71 /* Main.storyboard in Resources */ = {isa = PBXBuildFile; fileRef = C3477F692035634100AD6A71 /* Main.storyboard */; };
		C3477F6D2035634100AD6A71 /* Assets.xcassets in Resources */ = {isa = PBXBuildFile; fileRef = C3477F6C2035634100AD6A71 /* Assets.xcassets */; };
		C3477F702035634100AD6A71 /* LaunchScreen.storyboard in Resources */ = {isa = PBXBuildFile; fileRef = C3477F6E2035634100AD6A71 /* LaunchScreen.storyboard */; };
		C3477F7B2035634200AD6A71 /* ReactNativeBridgeDemoTests.swift in Sources */ = {isa = PBXBuildFile; fileRef = C3477F7A2035634200AD6A71 /* ReactNativeBridgeDemoTests.swift */; };
		C3477F862035634200AD6A71 /* ReactNativeBridgeDemoUITests.swift in Sources */ = {isa = PBXBuildFile; fileRef = C3477F852035634200AD6A71 /* ReactNativeBridgeDemoUITests.swift */; };
		C37BFAC420356EFF00CEFB8A /* StateManager.swift in Sources */ = {isa = PBXBuildFile; fileRef = C37BFAC320356EFF00CEFB8A /* StateManager.swift */; };
		C37BFAC620356F3A00CEFB8A /* StateManagerBridge.m in Sources */ = {isa = PBXBuildFile; fileRef = C37BFAC520356F3A00CEFB8A /* StateManagerBridge.m */; };
		C3842516203565DB00F95BE6 /* ReactModule.swift in Sources */ = {isa = PBXBuildFile; fileRef = C3842515203565DA00F95BE6 /* ReactModule.swift */; };
/* End PBXBuildFile section */

/* Begin PBXContainerItemProxy section */
		C3477F772035634100AD6A71 /* PBXContainerItemProxy */ = {
			isa = PBXContainerItemProxy;
			containerPortal = C3477F5A2035634100AD6A71 /* Project object */;
			proxyType = 1;
			remoteGlobalIDString = C3477F612035634100AD6A71;
			remoteInfo = ReactNativeBridgeDemo;
		};
		C3477F822035634200AD6A71 /* PBXContainerItemProxy */ = {
			isa = PBXContainerItemProxy;
			containerPortal = C3477F5A2035634100AD6A71 /* Project object */;
			proxyType = 1;
			remoteGlobalIDString = C3477F612035634100AD6A71;
			remoteInfo = ReactNativeBridgeDemo;
		};
/* End PBXContainerItemProxy section */

/* Begin PBXFileReference section */
		0924B4ECA13DFD28815D952C /* Pods-ReactNativeBridgeDemoTests.debug.xcconfig */ = {isa = PBXFileReference; includeInIndex = 1; lastKnownFileType = text.xcconfig; name = "Pods-ReactNativeBridgeDemoTests.debug.xcconfig"; path = "Pods/Target Support Files/Pods-ReactNativeBridgeDemoTests/Pods-ReactNativeBridgeDemoTests.debug.xcconfig"; sourceTree = "<group>"; };
		12520D050EFB07FF5F93EBB9 /* Pods-ReactNativeBridgeDemoUITests.debug.xcconfig */ = {isa = PBXFileReference; includeInIndex = 1; lastKnownFileType = text.xcconfig; name = "Pods-ReactNativeBridgeDemoUITests.debug.xcconfig"; path = "Pods/Target Support Files/Pods-ReactNativeBridgeDemoUITests/Pods-ReactNativeBridgeDemoUITests.debug.xcconfig"; sourceTree = "<group>"; };
		209A89EAC8FC63DF31D4CB3B /* Pods-ReactNativeBridgeDemo.release.xcconfig */ = {isa = PBXFileReference; includeInIndex = 1; lastKnownFileType = text.xcconfig; name = "Pods-ReactNativeBridgeDemo.release.xcconfig"; path = "Pods/Target Support Files/Pods-ReactNativeBridgeDemo/Pods-ReactNativeBridgeDemo.release.xcconfig"; sourceTree = "<group>"; };
		376E07C9CDEA6BDDBF7A3C4F /* Pods_ReactNativeBridgeDemoUITests.framework */ = {isa = PBXFileReference; explicitFileType = wrapper.framework; includeInIndex = 0; path = Pods_ReactNativeBridgeDemoUITests.framework; sourceTree = BUILT_PRODUCTS_DIR; };
		50C2197DCCB92A0416BF2F8A /* Pods-ReactNativeBridgeDemo.debug.xcconfig */ = {isa = PBXFileReference; includeInIndex = 1; lastKnownFileType = text.xcconfig; name = "Pods-ReactNativeBridgeDemo.debug.xcconfig"; path = "Pods/Target Support Files/Pods-ReactNativeBridgeDemo/Pods-ReactNativeBridgeDemo.debug.xcconfig"; sourceTree = "<group>"; };
		51D56A0E078837D2BC7CFCA8 /* Pods_ReactNativeBridgeDemo.framework */ = {isa = PBXFileReference; explicitFileType = wrapper.framework; includeInIndex = 0; path = Pods_ReactNativeBridgeDemo.framework; sourceTree = BUILT_PRODUCTS_DIR; };
		76C4111A39503CC425F6C9EC /* Pods-ReactNativeBridgeDemoTests.release.xcconfig */ = {isa = PBXFileReference; includeInIndex = 1; lastKnownFileType = text.xcconfig; name = "Pods-ReactNativeBridgeDemoTests.release.xcconfig"; path = "Pods/Target Support Files/Pods-ReactNativeBridgeDemoTests/Pods-ReactNativeBridgeDemoTests.release.xcconfig"; sourceTree = "<group>"; };
		C3477F622035634100AD6A71 /* ReactNativeBridgeDemo.app */ = {isa = PBXFileReference; explicitFileType = wrapper.application; includeInIndex = 0; path = ReactNativeBridgeDemo.app; sourceTree = BUILT_PRODUCTS_DIR; };
		C3477F652035634100AD6A71 /* AppDelegate.swift */ = {isa = PBXFileReference; lastKnownFileType = sourcecode.swift; path = AppDelegate.swift; sourceTree = "<group>"; };
		C3477F672035634100AD6A71 /* ViewController.swift */ = {isa = PBXFileReference; lastKnownFileType = sourcecode.swift; path = ViewController.swift; sourceTree = "<group>"; };
		C3477F6A2035634100AD6A71 /* Base */ = {isa = PBXFileReference; lastKnownFileType = file.storyboard; name = Base; path = Base.lproj/Main.storyboard; sourceTree = "<group>"; };
		C3477F6C2035634100AD6A71 /* Assets.xcassets */ = {isa = PBXFileReference; lastKnownFileType = folder.assetcatalog; path = Assets.xcassets; sourceTree = "<group>"; };
		C3477F6F2035634100AD6A71 /* Base */ = {isa = PBXFileReference; lastKnownFileType = file.storyboard; name = Base; path = Base.lproj/LaunchScreen.storyboard; sourceTree = "<group>"; };
		C3477F712035634100AD6A71 /* Info.plist */ = {isa = PBXFileReference; lastKnownFileType = text.plist.xml; path = Info.plist; sourceTree = "<group>"; };
		C3477F762035634100AD6A71 /* ReactNativeBridgeDemoTests.xctest */ = {isa = PBXFileReference; explicitFileType = wrapper.cfbundle; includeInIndex = 0; path = ReactNativeBridgeDemoTests.xctest; sourceTree = BUILT_PRODUCTS_DIR; };
		C3477F7A2035634200AD6A71 /* ReactNativeBridgeDemoTests.swift */ = {isa = PBXFileReference; lastKnownFileType = sourcecode.swift; path = ReactNativeBridgeDemoTests.swift; sourceTree = "<group>"; };
		C3477F7C2035634200AD6A71 /* Info.plist */ = {isa = PBXFileReference; lastKnownFileType = text.plist.xml; path = Info.plist; sourceTree = "<group>"; };
		C3477F812035634200AD6A71 /* ReactNativeBridgeDemoUITests.xctest */ = {isa = PBXFileReference; explicitFileType = wrapper.cfbundle; includeInIndex = 0; path = ReactNativeBridgeDemoUITests.xctest; sourceTree = BUILT_PRODUCTS_DIR; };
		C3477F852035634200AD6A71 /* ReactNativeBridgeDemoUITests.swift */ = {isa = PBXFileReference; lastKnownFileType = sourcecode.swift; path = ReactNativeBridgeDemoUITests.swift; sourceTree = "<group>"; };
		C3477F872035634200AD6A71 /* Info.plist */ = {isa = PBXFileReference; lastKnownFileType = text.plist.xml; path = Info.plist; sourceTree = "<group>"; };
		C37BFAC320356EFF00CEFB8A /* StateManager.swift */ = {isa = PBXFileReference; lastKnownFileType = sourcecode.swift; path = StateManager.swift; sourceTree = "<group>"; };
		C37BFAC520356F3A00CEFB8A /* StateManagerBridge.m */ = {isa = PBXFileReference; lastKnownFileType = sourcecode.c.objc; path = StateManagerBridge.m; sourceTree = "<group>"; };
		C3842515203565DA00F95BE6 /* ReactModule.swift */ = {isa = PBXFileReference; fileEncoding = 4; lastKnownFileType = sourcecode.swift; path = ReactModule.swift; sourceTree = "<group>"; };
		E0F4B074B78E970389CFE3A4 /* Pods-ReactNativeBridgeDemoUITests.release.xcconfig */ = {isa = PBXFileReference; includeInIndex = 1; lastKnownFileType = text.xcconfig; name = "Pods-ReactNativeBridgeDemoUITests.release.xcconfig"; path = "Pods/Target Support Files/Pods-ReactNativeBridgeDemoUITests/Pods-ReactNativeBridgeDemoUITests.release.xcconfig"; sourceTree = "<group>"; };
		EC0D57FAC1AEA86D3659106D /* Pods_ReactNativeBridgeDemoTests.framework */ = {isa = PBXFileReference; explicitFileType = wrapper.framework; includeInIndex = 0; path = Pods_ReactNativeBridgeDemoTests.framework; sourceTree = BUILT_PRODUCTS_DIR; };
/* End PBXFileReference section */

/* Begin PBXFrameworksBuildPhase section */
		C3477F5F2035634100AD6A71 /* Frameworks */ = {
			isa = PBXFrameworksBuildPhase;
			buildActionMask = 2147483647;
			files = (
				626FB56EF428AA4E7DF88A28 /* Pods_ReactNativeBridgeDemo.framework in Frameworks */,
			);
			runOnlyForDeploymentPostprocessing = 0;
		};
		C3477F732035634100AD6A71 /* Frameworks */ = {
			isa = PBXFrameworksBuildPhase;
			buildActionMask = 2147483647;
			files = (
				286DB1E803F84CC65F677FE3 /* Pods_ReactNativeBridgeDemoTests.framework in Frameworks */,
			);
			runOnlyForDeploymentPostprocessing = 0;
		};
		C3477F7E2035634200AD6A71 /* Frameworks */ = {
			isa = PBXFrameworksBuildPhase;
			buildActionMask = 2147483647;
			files = (
				9D2B9A1BBE87EB9AAD601315 /* Pods_ReactNativeBridgeDemoUITests.framework in Frameworks */,
			);
			runOnlyForDeploymentPostprocessing = 0;
		};
/* End PBXFrameworksBuildPhase section */

/* Begin PBXGroup section */
		4DD89C0E30A9527D632AC407 /* Frameworks */ = {
			isa = PBXGroup;
			children = (
				51D56A0E078837D2BC7CFCA8 /* Pods_ReactNativeBridgeDemo.framework */,
				EC0D57FAC1AEA86D3659106D /* Pods_ReactNativeBridgeDemoTests.framework */,
				376E07C9CDEA6BDDBF7A3C4F /* Pods_ReactNativeBridgeDemoUITests.framework */,
			);
			name = Frameworks;
			sourceTree = "<group>";
		};
		C3477F592035634100AD6A71 = {
			isa = PBXGroup;
			children = (
				C3477F642035634100AD6A71 /* ReactNativeBridgeDemo */,
				C3477F792035634100AD6A71 /* ReactNativeBridgeDemoTests */,
				C3477F842035634200AD6A71 /* ReactNativeBridgeDemoUITests */,
				C3477F632035634100AD6A71 /* Products */,
				D10022D03E0A84B42790128C /* Pods */,
				4DD89C0E30A9527D632AC407 /* Frameworks */,
			);
			sourceTree = "<group>";
		};
		C3477F632035634100AD6A71 /* Products */ = {
			isa = PBXGroup;
			children = (
				C3477F622035634100AD6A71 /* ReactNativeBridgeDemo.app */,
				C3477F762035634100AD6A71 /* ReactNativeBridgeDemoTests.xctest */,
				C3477F812035634200AD6A71 /* ReactNativeBridgeDemoUITests.xctest */,
			);
			name = Products;
			sourceTree = "<group>";
		};
		C3477F642035634100AD6A71 /* ReactNativeBridgeDemo */ = {
			isa = PBXGroup;
			children = (
				C3477F652035634100AD6A71 /* AppDelegate.swift */,
				C3477F672035634100AD6A71 /* ViewController.swift */,
				C3842515203565DA00F95BE6 /* ReactModule.swift */,
				C37BFAC320356EFF00CEFB8A /* StateManager.swift */,
				C37BFAC520356F3A00CEFB8A /* StateManagerBridge.m */,
				C3477F692035634100AD6A71 /* Main.storyboard */,
				C3477F6C2035634100AD6A71 /* Assets.xcassets */,
				C3477F6E2035634100AD6A71 /* LaunchScreen.storyboard */,
				C3477F712035634100AD6A71 /* Info.plist */,
			);
			path = ReactNativeBridgeDemo;
			sourceTree = "<group>";
		};
		C3477F792035634100AD6A71 /* ReactNativeBridgeDemoTests */ = {
			isa = PBXGroup;
			children = (
				C3477F7A2035634200AD6A71 /* ReactNativeBridgeDemoTests.swift */,
				C3477F7C2035634200AD6A71 /* Info.plist */,
			);
			path = ReactNativeBridgeDemoTests;
			sourceTree = "<group>";
		};
		C3477F842035634200AD6A71 /* ReactNativeBridgeDemoUITests */ = {
			isa = PBXGroup;
			children = (
				C3477F852035634200AD6A71 /* ReactNativeBridgeDemoUITests.swift */,
				C3477F872035634200AD6A71 /* Info.plist */,
			);
			path = ReactNativeBridgeDemoUITests;
			sourceTree = "<group>";
		};
		D10022D03E0A84B42790128C /* Pods */ = {
			isa = PBXGroup;
			children = (
				50C2197DCCB92A0416BF2F8A /* Pods-ReactNativeBridgeDemo.debug.xcconfig */,
				209A89EAC8FC63DF31D4CB3B /* Pods-ReactNativeBridgeDemo.release.xcconfig */,
				0924B4ECA13DFD28815D952C /* Pods-ReactNativeBridgeDemoTests.debug.xcconfig */,
				76C4111A39503CC425F6C9EC /* Pods-ReactNativeBridgeDemoTests.release.xcconfig */,
				12520D050EFB07FF5F93EBB9 /* Pods-ReactNativeBridgeDemoUITests.debug.xcconfig */,
				E0F4B074B78E970389CFE3A4 /* Pods-ReactNativeBridgeDemoUITests.release.xcconfig */,
			);
			name = Pods;
			sourceTree = "<group>";
		};
/* End PBXGroup section */

/* Begin PBXNativeTarget section */
		C3477F612035634100AD6A71 /* ReactNativeBridgeDemo */ = {
			isa = PBXNativeTarget;
			buildConfigurationList = C3477F8A2035634200AD6A71 /* Build configuration list for PBXNativeTarget "ReactNativeBridgeDemo" */;
			buildPhases = (
				9C26545AAB9B4AEC785008F5 /* [CP] Check Pods Manifest.lock */,
				C3477F5E2035634100AD6A71 /* Sources */,
				C3477F5F2035634100AD6A71 /* Frameworks */,
				C3477F602035634100AD6A71 /* Resources */,
				45452238C69983E2946D6B01 /* [CP] Embed Pods Frameworks */,
				143454A46C637F8C5902C144 /* [CP] Copy Pods Resources */,
			);
			buildRules = (
			);
			dependencies = (
			);
			name = ReactNativeBridgeDemo;
			productName = ReactNativeBridgeDemo;
			productReference = C3477F622035634100AD6A71 /* ReactNativeBridgeDemo.app */;
			productType = "com.apple.product-type.application";
		};
		C3477F752035634100AD6A71 /* ReactNativeBridgeDemoTests */ = {
			isa = PBXNativeTarget;
			buildConfigurationList = C3477F8D2035634200AD6A71 /* Build configuration list for PBXNativeTarget "ReactNativeBridgeDemoTests" */;
			buildPhases = (
				732E2E071391EF627F714389 /* [CP] Check Pods Manifest.lock */,
				C3477F722035634100AD6A71 /* Sources */,
				C3477F732035634100AD6A71 /* Frameworks */,
				C3477F742035634100AD6A71 /* Resources */,
				7C2AB4795A0B0549F0212532 /* [CP] Embed Pods Frameworks */,
				3322669CB57F2C4279D9D694 /* [CP] Copy Pods Resources */,
			);
			buildRules = (
			);
			dependencies = (
				C3477F782035634100AD6A71 /* PBXTargetDependency */,
			);
			name = ReactNativeBridgeDemoTests;
			productName = ReactNativeBridgeDemoTests;
			productReference = C3477F762035634100AD6A71 /* ReactNativeBridgeDemoTests.xctest */;
			productType = "com.apple.product-type.bundle.unit-test";
		};
		C3477F802035634200AD6A71 /* ReactNativeBridgeDemoUITests */ = {
			isa = PBXNativeTarget;
			buildConfigurationList = C3477F902035634200AD6A71 /* Build configuration list for PBXNativeTarget "ReactNativeBridgeDemoUITests" */;
			buildPhases = (
				31EDD6BFCEAD75AF91B07C4A /* [CP] Check Pods Manifest.lock */,
				C3477F7D2035634200AD6A71 /* Sources */,
				C3477F7E2035634200AD6A71 /* Frameworks */,
				C3477F7F2035634200AD6A71 /* Resources */,
				D91F4213498E440215A96C6C /* [CP] Embed Pods Frameworks */,
				B5BE8CC9A16B3DE11582A24D /* [CP] Copy Pods Resources */,
			);
			buildRules = (
			);
			dependencies = (
				C3477F832035634200AD6A71 /* PBXTargetDependency */,
			);
			name = ReactNativeBridgeDemoUITests;
			productName = ReactNativeBridgeDemoUITests;
			productReference = C3477F812035634200AD6A71 /* ReactNativeBridgeDemoUITests.xctest */;
			productType = "com.apple.product-type.bundle.ui-testing";
		};
/* End PBXNativeTarget section */

/* Begin PBXProject section */
		C3477F5A2035634100AD6A71 /* Project object */ = {
			isa = PBXProject;
			attributes = {
				LastSwiftUpdateCheck = 0920;
				LastUpgradeCheck = 0920;
				ORGANIZATIONNAME = dl20932;
				TargetAttributes = {
					C3477F612035634100AD6A71 = {
						CreatedOnToolsVersion = 9.2;
						LastSwiftMigration = 0920;
						ProvisioningStyle = Automatic;
					};
					C3477F752035634100AD6A71 = {
						CreatedOnToolsVersion = 9.2;
						ProvisioningStyle = Automatic;
						TestTargetID = C3477F612035634100AD6A71;
					};
					C3477F802035634200AD6A71 = {
						CreatedOnToolsVersion = 9.2;
						ProvisioningStyle = Automatic;
						TestTargetID = C3477F612035634100AD6A71;
					};
				};
			};
			buildConfigurationList = C3477F5D2035634100AD6A71 /* Build configuration list for PBXProject "ReactNativeBridgeDemo" */;
			compatibilityVersion = "Xcode 8.0";
			developmentRegion = en;
			hasScannedForEncodings = 0;
			knownRegions = (
				en,
				Base,
			);
			mainGroup = C3477F592035634100AD6A71;
			productRefGroup = C3477F632035634100AD6A71 /* Products */;
			projectDirPath = "";
			projectRoot = "";
			targets = (
				C3477F612035634100AD6A71 /* ReactNativeBridgeDemo */,
				C3477F752035634100AD6A71 /* ReactNativeBridgeDemoTests */,
				C3477F802035634200AD6A71 /* ReactNativeBridgeDemoUITests */,
			);
		};
/* End PBXProject section */

/* Begin PBXResourcesBuildPhase section */
		C3477F602035634100AD6A71 /* Resources */ = {
			isa = PBXResourcesBuildPhase;
			buildActionMask = 2147483647;
			files = (
				C3477F702035634100AD6A71 /* LaunchScreen.storyboard in Resources */,
				C3477F6D2035634100AD6A71 /* Assets.xcassets in Resources */,
				C3477F6B2035634100AD6A71 /* Main.storyboard in Resources */,
			);
			runOnlyForDeploymentPostprocessing = 0;
		};
		C3477F742035634100AD6A71 /* Resources */ = {
			isa = PBXResourcesBuildPhase;
			buildActionMask = 2147483647;
			files = (
			);
			runOnlyForDeploymentPostprocessing = 0;
		};
		C3477F7F2035634200AD6A71 /* Resources */ = {
			isa = PBXResourcesBuildPhase;
			buildActionMask = 2147483647;
			files = (
			);
			runOnlyForDeploymentPostprocessing = 0;
		};
/* End PBXResourcesBuildPhase section */

/* Begin PBXShellScriptBuildPhase section */
		143454A46C637F8C5902C144 /* [CP] Copy Pods Resources */ = {
			isa = PBXShellScriptBuildPhase;
			buildActionMask = 2147483647;
			files = (
			);
			inputPaths = (
			);
			name = "[CP] Copy Pods Resources";
			outputPaths = (
			);
			runOnlyForDeploymentPostprocessing = 0;
			shellPath = /bin/sh;
			shellScript = "\"${SRCROOT}/Pods/Target Support Files/Pods-ReactNativeBridgeDemo/Pods-ReactNativeBridgeDemo-resources.sh\"\n";
			showEnvVarsInLog = 0;
		};
		31EDD6BFCEAD75AF91B07C4A /* [CP] Check Pods Manifest.lock */ = {
			isa = PBXShellScriptBuildPhase;
			buildActionMask = 2147483647;
			files = (
			);
			inputPaths = (
				"${PODS_PODFILE_DIR_PATH}/Podfile.lock",
				"${PODS_ROOT}/Manifest.lock",
			);
			name = "[CP] Check Pods Manifest.lock";
			outputPaths = (
				"$(DERIVED_FILE_DIR)/Pods-ReactNativeBridgeDemoUITests-checkManifestLockResult.txt",
			);
			runOnlyForDeploymentPostprocessing = 0;
			shellPath = /bin/sh;
			shellScript = "diff \"${PODS_PODFILE_DIR_PATH}/Podfile.lock\" \"${PODS_ROOT}/Manifest.lock\" > /dev/null\nif [ $? != 0 ] ; then\n    # print error to STDERR\n    echo \"error: The sandbox is not in sync with the Podfile.lock. Run 'pod install' or update your CocoaPods installation.\" >&2\n    exit 1\nfi\n# This output is used by Xcode 'outputs' to avoid re-running this script phase.\necho \"SUCCESS\" > \"${SCRIPT_OUTPUT_FILE_0}\"\n";
			showEnvVarsInLog = 0;
		};
		3322669CB57F2C4279D9D694 /* [CP] Copy Pods Resources */ = {
			isa = PBXShellScriptBuildPhase;
			buildActionMask = 2147483647;
			files = (
			);
			inputPaths = (
			);
			name = "[CP] Copy Pods Resources";
			outputPaths = (
			);
			runOnlyForDeploymentPostprocessing = 0;
			shellPath = /bin/sh;
			shellScript = "\"${SRCROOT}/Pods/Target Support Files/Pods-ReactNativeBridgeDemoTests/Pods-ReactNativeBridgeDemoTests-resources.sh\"\n";
			showEnvVarsInLog = 0;
		};
		45452238C69983E2946D6B01 /* [CP] Embed Pods Frameworks */ = {
			isa = PBXShellScriptBuildPhase;
			buildActionMask = 2147483647;
			files = (
			);
			inputPaths = (
				"${SRCROOT}/Pods/Target Support Files/Pods-ReactNativeBridgeDemo/Pods-ReactNativeBridgeDemo-frameworks.sh",
				"${BUILT_PRODUCTS_DIR}/React/React.framework",
			);
			name = "[CP] Embed Pods Frameworks";
			outputPaths = (
				"${TARGET_BUILD_DIR}/${FRAMEWORKS_FOLDER_PATH}/React.framework",
			);
			runOnlyForDeploymentPostprocessing = 0;
			shellPath = /bin/sh;
			shellScript = "\"${SRCROOT}/Pods/Target Support Files/Pods-ReactNativeBridgeDemo/Pods-ReactNativeBridgeDemo-frameworks.sh\"\n";
			showEnvVarsInLog = 0;
		};
		732E2E071391EF627F714389 /* [CP] Check Pods Manifest.lock */ = {
			isa = PBXShellScriptBuildPhase;
			buildActionMask = 2147483647;
			files = (
			);
			inputPaths = (
				"${PODS_PODFILE_DIR_PATH}/Podfile.lock",
				"${PODS_ROOT}/Manifest.lock",
			);
			name = "[CP] Check Pods Manifest.lock";
			outputPaths = (
				"$(DERIVED_FILE_DIR)/Pods-ReactNativeBridgeDemoTests-checkManifestLockResult.txt",
			);
			runOnlyForDeploymentPostprocessing = 0;
			shellPath = /bin/sh;
			shellScript = "diff \"${PODS_PODFILE_DIR_PATH}/Podfile.lock\" \"${PODS_ROOT}/Manifest.lock\" > /dev/null\nif [ $? != 0 ] ; then\n    # print error to STDERR\n    echo \"error: The sandbox is not in sync with the Podfile.lock. Run 'pod install' or update your CocoaPods installation.\" >&2\n    exit 1\nfi\n# This output is used by Xcode 'outputs' to avoid re-running this script phase.\necho \"SUCCESS\" > \"${SCRIPT_OUTPUT_FILE_0}\"\n";
			showEnvVarsInLog = 0;
		};
		7C2AB4795A0B0549F0212532 /* [CP] Embed Pods Frameworks */ = {
			isa = PBXShellScriptBuildPhase;
			buildActionMask = 2147483647;
			files = (
			);
			inputPaths = (
			);
			name = "[CP] Embed Pods Frameworks";
			outputPaths = (
			);
			runOnlyForDeploymentPostprocessing = 0;
			shellPath = /bin/sh;
			shellScript = "\"${SRCROOT}/Pods/Target Support Files/Pods-ReactNativeBridgeDemoTests/Pods-ReactNativeBridgeDemoTests-frameworks.sh\"\n";
			showEnvVarsInLog = 0;
		};
		9C26545AAB9B4AEC785008F5 /* [CP] Check Pods Manifest.lock */ = {
			isa = PBXShellScriptBuildPhase;
			buildActionMask = 2147483647;
			files = (
			);
			inputPaths = (
				"${PODS_PODFILE_DIR_PATH}/Podfile.lock",
				"${PODS_ROOT}/Manifest.lock",
			);
			name = "[CP] Check Pods Manifest.lock";
			outputPaths = (
				"$(DERIVED_FILE_DIR)/Pods-ReactNativeBridgeDemo-checkManifestLockResult.txt",
			);
			runOnlyForDeploymentPostprocessing = 0;
			shellPath = /bin/sh;
			shellScript = "diff \"${PODS_PODFILE_DIR_PATH}/Podfile.lock\" \"${PODS_ROOT}/Manifest.lock\" > /dev/null\nif [ $? != 0 ] ; then\n    # print error to STDERR\n    echo \"error: The sandbox is not in sync with the Podfile.lock. Run 'pod install' or update your CocoaPods installation.\" >&2\n    exit 1\nfi\n# This output is used by Xcode 'outputs' to avoid re-running this script phase.\necho \"SUCCESS\" > \"${SCRIPT_OUTPUT_FILE_0}\"\n";
			showEnvVarsInLog = 0;
		};
		B5BE8CC9A16B3DE11582A24D /* [CP] Copy Pods Resources */ = {
			isa = PBXShellScriptBuildPhase;
			buildActionMask = 2147483647;
			files = (
			);
			inputPaths = (
			);
			name = "[CP] Copy Pods Resources";
			outputPaths = (
			);
			runOnlyForDeploymentPostprocessing = 0;
			shellPath = /bin/sh;
			shellScript = "\"${SRCROOT}/Pods/Target Support Files/Pods-ReactNativeBridgeDemoUITests/Pods-ReactNativeBridgeDemoUITests-resources.sh\"\n";
			showEnvVarsInLog = 0;
		};
		D91F4213498E440215A96C6C /* [CP] Embed Pods Frameworks */ = {
			isa = PBXShellScriptBuildPhase;
			buildActionMask = 2147483647;
			files = (
			);
			inputPaths = (
			);
			name = "[CP] Embed Pods Frameworks";
			outputPaths = (
			);
			runOnlyForDeploymentPostprocessing = 0;
			shellPath = /bin/sh;
			shellScript = "\"${SRCROOT}/Pods/Target Support Files/Pods-ReactNativeBridgeDemoUITests/Pods-ReactNativeBridgeDemoUITests-frameworks.sh\"\n";
			showEnvVarsInLog = 0;
		};
/* End PBXShellScriptBuildPhase section */

/* Begin PBXSourcesBuildPhase section */
		C3477F5E2035634100AD6A71 /* Sources */ = {
			isa = PBXSourcesBuildPhase;
			buildActionMask = 2147483647;
			files = (
				C37BFAC620356F3A00CEFB8A /* StateManagerBridge.m in Sources */,
				C3477F682035634100AD6A71 /* ViewController.swift in Sources */,
				C37BFAC420356EFF00CEFB8A /* StateManager.swift in Sources */,
				C3842516203565DB00F95BE6 /* ReactModule.swift in Sources */,
				C3477F662035634100AD6A71 /* AppDelegate.swift in Sources */,
			);
			runOnlyForDeploymentPostprocessing = 0;
		};
		C3477F722035634100AD6A71 /* Sources */ = {
			isa = PBXSourcesBuildPhase;
			buildActionMask = 2147483647;
			files = (
				C3477F7B2035634200AD6A71 /* ReactNativeBridgeDemoTests.swift in Sources */,
			);
			runOnlyForDeploymentPostprocessing = 0;
		};
		C3477F7D2035634200AD6A71 /* Sources */ = {
			isa = PBXSourcesBuildPhase;
			buildActionMask = 2147483647;
			files = (
				C3477F862035634200AD6A71 /* ReactNativeBridgeDemoUITests.swift in Sources */,
			);
			runOnlyForDeploymentPostprocessing = 0;
		};
/* End PBXSourcesBuildPhase section */

/* Begin PBXTargetDependency section */
		C3477F782035634100AD6A71 /* PBXTargetDependency */ = {
			isa = PBXTargetDependency;
			target = C3477F612035634100AD6A71 /* ReactNativeBridgeDemo */;
			targetProxy = C3477F772035634100AD6A71 /* PBXContainerItemProxy */;
		};
		C3477F832035634200AD6A71 /* PBXTargetDependency */ = {
			isa = PBXTargetDependency;
			target = C3477F612035634100AD6A71 /* ReactNativeBridgeDemo */;
			targetProxy = C3477F822035634200AD6A71 /* PBXContainerItemProxy */;
		};
/* End PBXTargetDependency section */

/* Begin PBXVariantGroup section */
		C3477F692035634100AD6A71 /* Main.storyboard */ = {
			isa = PBXVariantGroup;
			children = (
				C3477F6A2035634100AD6A71 /* Base */,
			);
			name = Main.storyboard;
			sourceTree = "<group>";
		};
		C3477F6E2035634100AD6A71 /* LaunchScreen.storyboard */ = {
			isa = PBXVariantGroup;
			children = (
				C3477F6F2035634100AD6A71 /* Base */,
			);
			name = LaunchScreen.storyboard;
			sourceTree = "<group>";
		};
/* End PBXVariantGroup section */

/* Begin XCBuildConfiguration section */
		C3477F882035634200AD6A71 /* Debug */ = {
			isa = XCBuildConfiguration;
			buildSettings = {
				ALWAYS_SEARCH_USER_PATHS = NO;
				CLANG_ANALYZER_NONNULL = YES;
				CLANG_ANALYZER_NUMBER_OBJECT_CONVERSION = YES_AGGRESSIVE;
				CLANG_CXX_LANGUAGE_STANDARD = "gnu++14";
				CLANG_CXX_LIBRARY = "libc++";
				CLANG_ENABLE_MODULES = YES;
				CLANG_ENABLE_OBJC_ARC = YES;
				CLANG_WARN_BLOCK_CAPTURE_AUTORELEASING = YES;
				CLANG_WARN_BOOL_CONVERSION = YES;
				CLANG_WARN_COMMA = YES;
				CLANG_WARN_CONSTANT_CONVERSION = YES;
				CLANG_WARN_DIRECT_OBJC_ISA_USAGE = YES_ERROR;
				CLANG_WARN_DOCUMENTATION_COMMENTS = YES;
				CLANG_WARN_EMPTY_BODY = YES;
				CLANG_WARN_ENUM_CONVERSION = YES;
				CLANG_WARN_INFINITE_RECURSION = YES;
				CLANG_WARN_INT_CONVERSION = YES;
				CLANG_WARN_NON_LITERAL_NULL_CONVERSION = YES;
				CLANG_WARN_OBJC_LITERAL_CONVERSION = YES;
				CLANG_WARN_OBJC_ROOT_CLASS = YES_ERROR;
				CLANG_WARN_RANGE_LOOP_ANALYSIS = YES;
				CLANG_WARN_STRICT_PROTOTYPES = YES;
				CLANG_WARN_SUSPICIOUS_MOVE = YES;
				CLANG_WARN_UNGUARDED_AVAILABILITY = YES_AGGRESSIVE;
				CLANG_WARN_UNREACHABLE_CODE = YES;
				CLANG_WARN__DUPLICATE_METHOD_MATCH = YES;
				CODE_SIGN_IDENTITY = "iPhone Developer";
				COPY_PHASE_STRIP = NO;
				DEBUG_INFORMATION_FORMAT = dwarf;
				ENABLE_STRICT_OBJC_MSGSEND = YES;
				ENABLE_TESTABILITY = YES;
				GCC_C_LANGUAGE_STANDARD = gnu11;
				GCC_DYNAMIC_NO_PIC = NO;
				GCC_NO_COMMON_BLOCKS = YES;
				GCC_OPTIMIZATION_LEVEL = 0;
				GCC_PREPROCESSOR_DEFINITIONS = (
					"DEBUG=1",
					"$(inherited)",
				);
				GCC_WARN_64_TO_32_BIT_CONVERSION = YES;
				GCC_WARN_ABOUT_RETURN_TYPE = YES_ERROR;
				GCC_WARN_UNDECLARED_SELECTOR = YES;
				GCC_WARN_UNINITIALIZED_AUTOS = YES_AGGRESSIVE;
				GCC_WARN_UNUSED_FUNCTION = YES;
				GCC_WARN_UNUSED_VARIABLE = YES;
				IPHONEOS_DEPLOYMENT_TARGET = 11.2;
				MTL_ENABLE_DEBUG_INFO = YES;
				ONLY_ACTIVE_ARCH = YES;
				SDKROOT = iphoneos;
				SWIFT_ACTIVE_COMPILATION_CONDITIONS = DEBUG;
				SWIFT_OPTIMIZATION_LEVEL = "-Onone";
			};
			name = Debug;
		};
		C3477F892035634200AD6A71 /* Release */ = {
			isa = XCBuildConfiguration;
			buildSettings = {
				ALWAYS_SEARCH_USER_PATHS = NO;
				CLANG_ANALYZER_NONNULL = YES;
				CLANG_ANALYZER_NUMBER_OBJECT_CONVERSION = YES_AGGRESSIVE;
				CLANG_CXX_LANGUAGE_STANDARD = "gnu++14";
				CLANG_CXX_LIBRARY = "libc++";
				CLANG_ENABLE_MODULES = YES;
				CLANG_ENABLE_OBJC_ARC = YES;
				CLANG_WARN_BLOCK_CAPTURE_AUTORELEASING = YES;
				CLANG_WARN_BOOL_CONVERSION = YES;
				CLANG_WARN_COMMA = YES;
				CLANG_WARN_CONSTANT_CONVERSION = YES;
				CLANG_WARN_DIRECT_OBJC_ISA_USAGE = YES_ERROR;
				CLANG_WARN_DOCUMENTATION_COMMENTS = YES;
				CLANG_WARN_EMPTY_BODY = YES;
				CLANG_WARN_ENUM_CONVERSION = YES;
				CLANG_WARN_INFINITE_RECURSION = YES;
				CLANG_WARN_INT_CONVERSION = YES;
				CLANG_WARN_NON_LITERAL_NULL_CONVERSION = YES;
				CLANG_WARN_OBJC_LITERAL_CONVERSION = YES;
				CLANG_WARN_OBJC_ROOT_CLASS = YES_ERROR;
				CLANG_WARN_RANGE_LOOP_ANALYSIS = YES;
				CLANG_WARN_STRICT_PROTOTYPES = YES;
				CLANG_WARN_SUSPICIOUS_MOVE = YES;
				CLANG_WARN_UNGUARDED_AVAILABILITY = YES_AGGRESSIVE;
				CLANG_WARN_UNREACHABLE_CODE = YES;
				CLANG_WARN__DUPLICATE_METHOD_MATCH = YES;
				CODE_SIGN_IDENTITY = "iPhone Developer";
				COPY_PHASE_STRIP = NO;
				DEBUG_INFORMATION_FORMAT = "dwarf-with-dsym";
				ENABLE_NS_ASSERTIONS = NO;
				ENABLE_STRICT_OBJC_MSGSEND = YES;
				GCC_C_LANGUAGE_STANDARD = gnu11;
				GCC_NO_COMMON_BLOCKS = YES;
				GCC_WARN_64_TO_32_BIT_CONVERSION = YES;
				GCC_WARN_ABOUT_RETURN_TYPE = YES_ERROR;
				GCC_WARN_UNDECLARED_SELECTOR = YES;
				GCC_WARN_UNINITIALIZED_AUTOS = YES_AGGRESSIVE;
				GCC_WARN_UNUSED_FUNCTION = YES;
				GCC_WARN_UNUSED_VARIABLE = YES;
				IPHONEOS_DEPLOYMENT_TARGET = 11.2;
				MTL_ENABLE_DEBUG_INFO = NO;
				SDKROOT = iphoneos;
				SWIFT_OPTIMIZATION_LEVEL = "-Owholemodule";
				VALIDATE_PRODUCT = YES;
			};
			name = Release;
		};
		C3477F8B2035634200AD6A71 /* Debug */ = {
			isa = XCBuildConfiguration;
			baseConfigurationReference = 50C2197DCCB92A0416BF2F8A /* Pods-ReactNativeBridgeDemo.debug.xcconfig */;
			buildSettings = {
				ASSETCATALOG_COMPILER_APPICON_NAME = AppIcon;
				CLANG_ENABLE_MODULES = YES;
				CODE_SIGN_STYLE = Automatic;
				INFOPLIST_FILE = ReactNativeBridgeDemo/Info.plist;
				LD_RUNPATH_SEARCH_PATHS = "$(inherited) @executable_path/Frameworks";
				PRODUCT_BUNDLE_IDENTIFIER = com.citigroup.inview.ReactNativeBridgeDemo;
				PRODUCT_NAME = "$(TARGET_NAME)";
				SWIFT_OPTIMIZATION_LEVEL = "-Onone";
				SWIFT_VERSION = 4.0;
				TARGETED_DEVICE_FAMILY = "1,2";
			};
			name = Debug;
		};
		C3477F8C2035634200AD6A71 /* Release */ = {
			isa = XCBuildConfiguration;
			baseConfigurationReference = 209A89EAC8FC63DF31D4CB3B /* Pods-ReactNativeBridgeDemo.release.xcconfig */;
			buildSettings = {
				ASSETCATALOG_COMPILER_APPICON_NAME = AppIcon;
				CLANG_ENABLE_MODULES = YES;
				CODE_SIGN_STYLE = Automatic;
				INFOPLIST_FILE = ReactNativeBridgeDemo/Info.plist;
				LD_RUNPATH_SEARCH_PATHS = "$(inherited) @executable_path/Frameworks";
				PRODUCT_BUNDLE_IDENTIFIER = com.citigroup.inview.ReactNativeBridgeDemo;
				PRODUCT_NAME = "$(TARGET_NAME)";
				SWIFT_VERSION = 4.0;
				TARGETED_DEVICE_FAMILY = "1,2";
			};
			name = Release;
		};
		C3477F8E2035634200AD6A71 /* Debug */ = {
			isa = XCBuildConfiguration;
			baseConfigurationReference = 0924B4ECA13DFD28815D952C /* Pods-ReactNativeBridgeDemoTests.debug.xcconfig */;
			buildSettings = {
				ALWAYS_EMBED_SWIFT_STANDARD_LIBRARIES = YES;
				BUNDLE_LOADER = "$(TEST_HOST)";
				CODE_SIGN_STYLE = Automatic;
				INFOPLIST_FILE = ReactNativeBridgeDemoTests/Info.plist;
				LD_RUNPATH_SEARCH_PATHS = "$(inherited) @executable_path/Frameworks @loader_path/Frameworks";
				PRODUCT_BUNDLE_IDENTIFIER = com.citigroup.inview.ReactNativeBridgeDemoTests;
				PRODUCT_NAME = "$(TARGET_NAME)";
				SWIFT_VERSION = 4.0;
				TARGETED_DEVICE_FAMILY = "1,2";
				TEST_HOST = "$(BUILT_PRODUCTS_DIR)/ReactNativeBridgeDemo.app/ReactNativeBridgeDemo";
			};
			name = Debug;
		};
		C3477F8F2035634200AD6A71 /* Release */ = {
			isa = XCBuildConfiguration;
			baseConfigurationReference = 76C4111A39503CC425F6C9EC /* Pods-ReactNativeBridgeDemoTests.release.xcconfig */;
			buildSettings = {
				ALWAYS_EMBED_SWIFT_STANDARD_LIBRARIES = YES;
				BUNDLE_LOADER = "$(TEST_HOST)";
				CODE_SIGN_STYLE = Automatic;
				INFOPLIST_FILE = ReactNativeBridgeDemoTests/Info.plist;
				LD_RUNPATH_SEARCH_PATHS = "$(inherited) @executable_path/Frameworks @loader_path/Frameworks";
				PRODUCT_BUNDLE_IDENTIFIER = com.citigroup.inview.ReactNativeBridgeDemoTests;
				PRODUCT_NAME = "$(TARGET_NAME)";
				SWIFT_VERSION = 4.0;
				TARGETED_DEVICE_FAMILY = "1,2";
				TEST_HOST = "$(BUILT_PRODUCTS_DIR)/ReactNativeBridgeDemo.app/ReactNativeBridgeDemo";
			};
			name = Release;
		};
		C3477F912035634200AD6A71 /* Debug */ = {
			isa = XCBuildConfiguration;
			baseConfigurationReference = 12520D050EFB07FF5F93EBB9 /* Pods-ReactNativeBridgeDemoUITests.debug.xcconfig */;
			buildSettings = {
				ALWAYS_EMBED_SWIFT_STANDARD_LIBRARIES = YES;
				CODE_SIGN_STYLE = Automatic;
				INFOPLIST_FILE = ReactNativeBridgeDemoUITests/Info.plist;
				LD_RUNPATH_SEARCH_PATHS = "$(inherited) @executable_path/Frameworks @loader_path/Frameworks";
				PRODUCT_BUNDLE_IDENTIFIER = com.citigroup.inview.ReactNativeBridgeDemoUITests;
				PRODUCT_NAME = "$(TARGET_NAME)";
				SWIFT_VERSION = 4.0;
				TARGETED_DEVICE_FAMILY = "1,2";
				TEST_TARGET_NAME = ReactNativeBridgeDemo;
			};
			name = Debug;
		};
		C3477F922035634200AD6A71 /* Release */ = {
			isa = XCBuildConfiguration;
			baseConfigurationReference = E0F4B074B78E970389CFE3A4 /* Pods-ReactNativeBridgeDemoUITests.release.xcconfig */;
			buildSettings = {
				ALWAYS_EMBED_SWIFT_STANDARD_LIBRARIES = YES;
				CODE_SIGN_STYLE = Automatic;
				INFOPLIST_FILE = ReactNativeBridgeDemoUITests/Info.plist;
				LD_RUNPATH_SEARCH_PATHS = "$(inherited) @executable_path/Frameworks @loader_path/Frameworks";
				PRODUCT_BUNDLE_IDENTIFIER = com.citigroup.inview.ReactNativeBridgeDemoUITests;
				PRODUCT_NAME = "$(TARGET_NAME)";
				SWIFT_VERSION = 4.0;
				TARGETED_DEVICE_FAMILY = "1,2";
				TEST_TARGET_NAME = ReactNativeBridgeDemo;
			};
			name = Release;
		};
/* End XCBuildConfiguration section */

/* Begin XCConfigurationList section */
		C3477F5D2035634100AD6A71 /* Build configuration list for PBXProject "ReactNativeBridgeDemo" */ = {
			isa = XCConfigurationList;
			buildConfigurations = (
				C3477F882035634200AD6A71 /* Debug */,
				C3477F892035634200AD6A71 /* Release */,
			);
			defaultConfigurationIsVisible = 0;
			defaultConfigurationName = Release;
		};
		C3477F8A2035634200AD6A71 /* Build configuration list for PBXNativeTarget "ReactNativeBridgeDemo" */ = {
			isa = XCConfigurationList;
			buildConfigurations = (
				C3477F8B2035634200AD6A71 /* Debug */,
				C3477F8C2035634200AD6A71 /* Release */,
			);
			defaultConfigurationIsVisible = 0;
			defaultConfigurationName = Release;
		};
		C3477F8D2035634200AD6A71 /* Build configuration list for PBXNativeTarget "ReactNativeBridgeDemoTests" */ = {
			isa = XCConfigurationList;
			buildConfigurations = (
				C3477F8E2035634200AD6A71 /* Debug */,
				C3477F8F2035634200AD6A71 /* Release */,
			);
			defaultConfigurationIsVisible = 0;
			defaultConfigurationName = Release;
		};
		C3477F902035634200AD6A71 /* Build configuration list for PBXNativeTarget "ReactNativeBridgeDemoUITests" */ = {
			isa = XCConfigurationList;
			buildConfigurations = (
				C3477F912035634200AD6A71 /* Debug */,
				C3477F922035634200AD6A71 /* Release */,
			);
			defaultConfigurationIsVisible = 0;
			defaultConfigurationName = Release;
		};
/* End XCConfigurationList section */
	};
	rootObject = C3477F5A2035634100AD6A71 /* Project object */;
}
